
Microsoft Visual Studio Solution File, Format Version 12.00
# Visual Studio Version 17
VisualStudioVersion = 17.12.35309.182
MinimumVisualStudioVersion = 10.0.40219.1
Project("{FAE04EC0-301F-11D3-BF4B-00C04F79EFBC}") = "ffxiv-dataparser", "ffxiv-dataparser\ffxiv-dataparser.csproj", "{DC0B284D-3F2B-47C8-A875-A9F92E366661}"
EndProject
Global
	GlobalSection(SolutionConfigurationPlatforms) = preSolution
		Debug|Any CPU = Debug|Any CPU
		Release|Any CPU = Release|Any CPU
	EndGlobalSection
	GlobalSection(ProjectConfigurationPlatforms) = postSolution
		{DC0B284D-3F2B-47C8-A875-A9F92E366661}.Debug|Any CPU.ActiveCfg = Debug|Any CPU
		{DC0B284D-3F2B-47C8-A875-A9F92E366661}.Debug|Any CPU.Build.0 = Debug|Any CPU
		{DC0B284D-3F2B-47C8-A875-A9F92E366661}.Release|Any CPU.ActiveCfg = Release|Any CPU
		{DC0B284D-3F2B-47C8-A875-A9F92E366661}.Release|Any CPU.Build.0 = Release|Any CPU
	EndGlobalSection
	GlobalSection(SolutionProperties) = preSolution
		HideSolutionNode = FALSE
	EndGlobalSection
	GlobalSection(ExtensibilityGlobals) = postSolution
		SolutionGuid = {753DAA6A-C0C6-45DD-89FD-1D8F40A5AC9C}
	EndGlobalSection
EndGlobal
